
Microsoft Visual Studio Solution File, Format Version 12.00
# Visual Studio 2012
Project("{FAE04EC0-301F-11D3-BF4B-00C04F79EFBC}") = "Concur.Babel", "Concur.Babel.csproj", "{DA874700-DB76-46F7-8CF4-247CF50E9067}"
EndProject
Project("{FAE04EC0-301F-11D3-BF4B-00C04F79EFBC}") = "Concur.Babel.Test", "..\Concur.Babel.Test\Concur.Babel.Test.csproj", "{A084C3E1-7410-4DAD-85B0-04D98F393FEC}"
EndProject
Project("{FAE04EC0-301F-11D3-BF4B-00C04F79EFBC}") = "Concur.Babel.Mvc", "..\Concur.Babel.Mvc\Concur.Babel.Mvc.csproj", "{7184C6BC-6F88-44CF-819C-4A76C65A3FA1}"
EndProject
Global
	GlobalSection(SolutionConfigurationPlatforms) = preSolution
		Debug|Any CPU = Debug|Any CPU
		Release|Any CPU = Release|Any CPU
	EndGlobalSection
	GlobalSection(ProjectConfigurationPlatforms) = postSolution
		{DA874700-DB76-46F7-8CF4-247CF50E9067}.Debug|Any CPU.ActiveCfg = Debug|Any CPU
		{DA874700-DB76-46F7-8CF4-247CF50E9067}.Debug|Any CPU.Build.0 = Debug|Any CPU
		{DA874700-DB76-46F7-8CF4-247CF50E9067}.Release|Any CPU.ActiveCfg = Release|Any CPU
		{DA874700-DB76-46F7-8CF4-247CF50E9067}.Release|Any CPU.Build.0 = Release|Any CPU
		{A084C3E1-7410-4DAD-85B0-04D98F393FEC}.Debug|Any CPU.ActiveCfg = Debug|Any CPU
		{A084C3E1-7410-4DAD-85B0-04D98F393FEC}.Debug|Any CPU.Build.0 = Debug|Any CPU
		{A084C3E1-7410-4DAD-85B0-04D98F393FEC}.Release|Any CPU.ActiveCfg = Release|Any CPU
		{A084C3E1-7410-4DAD-85B0-04D98F393FEC}.Release|Any CPU.Build.0 = Release|Any CPU
		{7184C6BC-6F88-44CF-819C-4A76C65A3FA1}.Debug|Any CPU.ActiveCfg = Debug|Any CPU
		{7184C6BC-6F88-44CF-819C-4A76C65A3FA1}.Debug|Any CPU.Build.0 = Debug|Any CPU
		{7184C6BC-6F88-44CF-819C-4A76C65A3FA1}.Release|Any CPU.ActiveCfg = Release|Any CPU
		{7184C6BC-6F88-44CF-819C-4A76C65A3FA1}.Release|Any CPU.Build.0 = Release|Any CPU
	EndGlobalSection
	GlobalSection(SolutionProperties) = preSolution
		HideSolutionNode = FALSE
	EndGlobalSection
EndGlobal
